
Microsoft Visual Studio Solution File, Format Version 12.00
# Visual Studio Version 17
VisualStudioVersion = 17.11.35312.102
MinimumVisualStudioVersion = 10.0.40219.1
Project("{9A19103F-16F7-4668-BE54-9A1E7A4F7556}") = "TikTovenaar", "TikTovenaar\TikTovenaar.csproj", "{988F84B0-A9A1-481B-9FA3-72C6E1547934}"
EndProject
Project("{9A19103F-16F7-4668-BE54-9A1E7A4F7556}") = "TikTovenaar.Logic", "TikTovenaar.Logic\TikTovenaar.Logic.csproj", "{F1487CD0-0D74-4BC4-A6DE-E9899629E969}"
EndProject
Project("{9A19103F-16F7-4668-BE54-9A1E7A4F7556}") = "TikTovenaar.Test", "TikTovenaar.Test\TikTovenaar.Test.csproj", "{5BB2BD4F-D259-4560-A257-D7CDDCCDC661}"
EndProject
Project("{9A19103F-16F7-4668-BE54-9A1E7A4F7556}") = "TikTovenaar.DataAccess", "tiktovenaar.dataAcces\TikTovenaar.DataAccess.csproj", "{522DAD16-9C0C-4D7F-8A11-494B44DFB5C8}"
EndProject
Project("{2150E333-8FDC-42A3-9474-1A3956D46DE8}") = "Solution Items", "Solution Items", "{F59EC8A6-D6F8-4C51-B6E5-DF966CC7D27B}"
	ProjectSection(SolutionItems) = preProject
		.gitignore = .gitignore
	EndProjectSection
EndProject
Project("{9A19103F-16F7-4668-BE54-9A1E7A4F7556}") = "TikTovenaar.Api", "TikTovenaar.Api\TikTovenaar.Api.csproj", "{DCF72F4F-0B80-4622-A423-6929699A4246}"
EndProject
Project("{FAE04EC0-301F-11D3-BF4B-00C04F79EFBC}") = "TikTovenaar.Installer", "TikTovenaar.Installer\TikTovenaar.Installer.csproj", "{17ECE043-7848-4E6D-81E0-9D4B25C6170A}"
EndProject
Global
	GlobalSection(SolutionConfigurationPlatforms) = preSolution
		Debug|Any CPU = Debug|Any CPU
		Release|Any CPU = Release|Any CPU
	EndGlobalSection
	GlobalSection(ProjectConfigurationPlatforms) = postSolution
		{988F84B0-A9A1-481B-9FA3-72C6E1547934}.Debug|Any CPU.ActiveCfg = Debug|Any CPU
		{988F84B0-A9A1-481B-9FA3-72C6E1547934}.Debug|Any CPU.Build.0 = Debug|Any CPU
		{988F84B0-A9A1-481B-9FA3-72C6E1547934}.Release|Any CPU.ActiveCfg = Release|Any CPU
		{988F84B0-A9A1-481B-9FA3-72C6E1547934}.Release|Any CPU.Build.0 = Release|Any CPU
		{F1487CD0-0D74-4BC4-A6DE-E9899629E969}.Debug|Any CPU.ActiveCfg = Debug|Any CPU
		{F1487CD0-0D74-4BC4-A6DE-E9899629E969}.Debug|Any CPU.Build.0 = Debug|Any CPU
		{F1487CD0-0D74-4BC4-A6DE-E9899629E969}.Release|Any CPU.ActiveCfg = Release|Any CPU
		{F1487CD0-0D74-4BC4-A6DE-E9899629E969}.Release|Any CPU.Build.0 = Release|Any CPU
		{5BB2BD4F-D259-4560-A257-D7CDDCCDC661}.Debug|Any CPU.ActiveCfg = Debug|Any CPU
		{5BB2BD4F-D259-4560-A257-D7CDDCCDC661}.Debug|Any CPU.Build.0 = Debug|Any CPU
		{5BB2BD4F-D259-4560-A257-D7CDDCCDC661}.Release|Any CPU.ActiveCfg = Release|Any CPU
		{5BB2BD4F-D259-4560-A257-D7CDDCCDC661}.Release|Any CPU.Build.0 = Release|Any CPU
		{522DAD16-9C0C-4D7F-8A11-494B44DFB5C8}.Debug|Any CPU.ActiveCfg = Debug|Any CPU
		{522DAD16-9C0C-4D7F-8A11-494B44DFB5C8}.Debug|Any CPU.Build.0 = Debug|Any CPU
		{522DAD16-9C0C-4D7F-8A11-494B44DFB5C8}.Release|Any CPU.ActiveCfg = Release|Any CPU
		{522DAD16-9C0C-4D7F-8A11-494B44DFB5C8}.Release|Any CPU.Build.0 = Release|Any CPU
		{DCF72F4F-0B80-4622-A423-6929699A4246}.Debug|Any CPU.ActiveCfg = Debug|Any CPU
		{DCF72F4F-0B80-4622-A423-6929699A4246}.Debug|Any CPU.Build.0 = Debug|Any CPU
		{DCF72F4F-0B80-4622-A423-6929699A4246}.Release|Any CPU.ActiveCfg = Release|Any CPU
		{DCF72F4F-0B80-4622-A423-6929699A4246}.Release|Any CPU.Build.0 = Release|Any CPU
		{17ECE043-7848-4E6D-81E0-9D4B25C6170A}.Debug|Any CPU.ActiveCfg = Debug|Any CPU
		{17ECE043-7848-4E6D-81E0-9D4B25C6170A}.Debug|Any CPU.Build.0 = Debug|Any CPU
		{17ECE043-7848-4E6D-81E0-9D4B25C6170A}.Release|Any CPU.ActiveCfg = Release|Any CPU
		{17ECE043-7848-4E6D-81E0-9D4B25C6170A}.Release|Any CPU.Build.0 = Release|Any CPU
	EndGlobalSection
	GlobalSection(SolutionProperties) = preSolution
		HideSolutionNode = FALSE
	EndGlobalSection
	GlobalSection(ExtensibilityGlobals) = postSolution
		SolutionGuid = {BDA6525B-CEE4-4D1B-B062-C1B08D51288E}
	EndGlobalSection
EndGlobal
